
Microsoft Visual Studio Solution File, Format Version 12.00
Project("{2150E333-8FDC-42A3-9474-1A3956D46DE8}") = "Frontend", "Frontend", "{BD786EE7-CCDD-4BA3-AC70-75FC5C85D634}"
EndProject
Project("{2150E333-8FDC-42A3-9474-1A3956D46DE8}") = "Backend", "Backend", "{18EF7F35-24D0-430E-B90D-F3FDA22BDB84}"
EndProject
Project("{2150E333-8FDC-42A3-9474-1A3956D46DE8}") = "Shared", "Shared", "{C62330C8-B130-414F-ADA4-E66E5EA3DF35}"
EndProject
Project("{2150E333-8FDC-42A3-9474-1A3956D46DE8}") = "MadWorld.Blazor.Tools", "MadWorld.Blazor.Tools", "{1E26D68C-8AF0-45AD-A719-44A7880EBE3E}"
EndProject
Project("{2150E333-8FDC-42A3-9474-1A3956D46DE8}") = "MadWorld.Blazor.Admin", "MadWorld.Blazor.Admin", "{DA3B9DBF-66B2-4E11-AFD6-75C130D797DE}"
EndProject
Project("{2150E333-8FDC-42A3-9474-1A3956D46DE8}") = "MadWorld.Maui.Tools", "MadWorld.Maui.Tools", "{42ABC8BF-F109-4A65-9705-8485EDE2D5BA}"
EndProject
Project("{2150E333-8FDC-42A3-9474-1A3956D46DE8}") = "MadWorld.AzureFunctions.Anonymous", "MadWorld.AzureFunctions.Anonymous", "{1435A7A0-6445-4D5F-A8A0-FC70B36CFAD2}"
EndProject
Project("{2150E333-8FDC-42A3-9474-1A3956D46DE8}") = "Tests", "Tests", "{E7011843-34C5-4D45-A6E1-B2B762900B49}"
EndProject
Project("{FAE04EC0-301F-11D3-BF4B-00C04F79EFBC}") = "MadWorld.Blazor.Tools.UI", "MadWorld.Blazor.Tools.UI\MadWorld.Blazor.Tools.UI.csproj", "{A02AF4D2-59A4-4855-ADFC-AA2ACBB48F4C}"
EndProject
Project("{FAE04EC0-301F-11D3-BF4B-00C04F79EFBC}") = "MadWorld.Blazor.Tools.Domain", "MadWorld.Blazor.Tools.Domain\MadWorld.Blazor.Tools.Domain.csproj", "{BB48076A-5270-4DF4-8D38-FD99F44AFFF7}"
EndProject
Project("{FAE04EC0-301F-11D3-BF4B-00C04F79EFBC}") = "MadWorld.Blazor.Tools.Application", "MadWorld.Blazor.Tools.Application\MadWorld.Blazor.Tools.Application.csproj", "{352AFFF4-099A-4E97-A53C-454748A813AA}"
EndProject
Project("{FAE04EC0-301F-11D3-BF4B-00C04F79EFBC}") = "MadWorld.Blazor.Tools.Infrastructure", "MadWorld.Blazor.Tools.Infrastructure\MadWorld.Blazor.Tools.Infrastructure.csproj", "{30CD0491-DB70-4C1B-AF66-337843AC49B4}"
EndProject
Project("{FAE04EC0-301F-11D3-BF4B-00C04F79EFBC}") = "MadWorld.Blazor.Admin.UI", "MadWorld.Blazor.Admin.UI\MadWorld.Blazor.Admin.UI.csproj", "{328A83CF-ED95-4911-840E-C843089FDD9E}"
EndProject
Project("{FAE04EC0-301F-11D3-BF4B-00C04F79EFBC}") = "MadWorld.Blazor.Admin.Domain", "MadWorld.Blazor.Admin.Domain\MadWorld.Blazor.Admin.Domain.csproj", "{6A079B85-6B48-46AA-BA17-C24F029A4FC9}"
EndProject
Project("{FAE04EC0-301F-11D3-BF4B-00C04F79EFBC}") = "MadWorld.Blazor.Admin.Application", "MadWorld.Blazor.Admin.Application\MadWorld.Blazor.Admin.Application.csproj", "{F18E315F-4D49-453F-B601-52CFE91C62B6}"
EndProject
Project("{FAE04EC0-301F-11D3-BF4B-00C04F79EFBC}") = "MadWorld.Blazor.Admin.Infrastructure", "MadWorld.Blazor.Admin.Infrastructure\MadWorld.Blazor.Admin.Infrastructure.csproj", "{1893360C-AA80-47EC-A1B1-F66B52D7E671}"
EndProject
Project("{FAE04EC0-301F-11D3-BF4B-00C04F79EFBC}") = "MadWorld.Maui.Tools.UI", "MadWorld.Maui.Tools.UI\MadWorld.Maui.Tools.UI.csproj", "{352B351E-C9B8-44E5-88E6-63F55F4780C2}"
EndProject
Project("{FAE04EC0-301F-11D3-BF4B-00C04F79EFBC}") = "MadWorld.Maui.Tools.Domain", "MadWorld.Maui.Tools.Domain\MadWorld.Maui.Tools.Domain.csproj", "{22591488-7F9E-4127-9847-B8D3D318FA1E}"
EndProject
Project("{FAE04EC0-301F-11D3-BF4B-00C04F79EFBC}") = "MadWorld.Maui.Tools.Application", "MadWorld.Maui.Tools.Application\MadWorld.Maui.Tools.Application.csproj", "{C0CFE5CB-A656-4693-9431-82B14C919152}"
EndProject
Project("{FAE04EC0-301F-11D3-BF4B-00C04F79EFBC}") = "MadWorld.Maui.Tools.Infrastructure", "MadWorld.Maui.Tools.Infrastructure\MadWorld.Maui.Tools.Infrastructure.csproj", "{270085F3-746D-4606-B204-16BCEBF7E9D3}"
EndProject
Project("{2150E333-8FDC-42A3-9474-1A3956D46DE8}") = "MadWorld.Frontend.Shared", "MadWorld.Frontend.Shared", "{CA795A55-DC9E-4975-A038-8E735DDF1F9C}"
EndProject
Project("{FAE04EC0-301F-11D3-BF4B-00C04F79EFBC}") = "MadWorld.Frontend.Shared.Domain", "MadWorld.Frontend.Shared.Domain\MadWorld.Frontend.Shared.Domain.csproj", "{E8714057-296C-4ED7-8FF0-543B18D37D12}"
EndProject
Project("{FAE04EC0-301F-11D3-BF4B-00C04F79EFBC}") = "MadWorld.Frontend.Shared.Application", "MadWorld.Frontend.Shared.Application\MadWorld.Frontend.Shared.Application.csproj", "{7833F5E2-B602-4201-B6C1-B8A5EADCE365}"
EndProject
Project("{FAE04EC0-301F-11D3-BF4B-00C04F79EFBC}") = "MadWorld.Frontend.Shared.Infrastructure", "MadWorld.Frontend.Shared.Infrastructure\MadWorld.Frontend.Shared.Infrastructure.csproj", "{8B1A5A74-D361-4E23-A81B-7DEEC905A7D0}"
EndProject
Project("{2150E333-8FDC-42A3-9474-1A3956D46DE8}") = "MadWorld.Backend.Shared", "MadWorld.Backend.Shared", "{11141E8A-94F4-40B7-A8A3-66B9F9954088}"
EndProject
Project("{FAE04EC0-301F-11D3-BF4B-00C04F79EFBC}") = "MadWorld.AzureFunctions.Anonymous.API", "MadWorld.AzureFunctions.Anonymous.API\MadWorld.AzureFunctions.Anonymous.API.csproj", "{502DB73D-8592-4725-8B47-0084A6301F1E}"
EndProject
Project("{FAE04EC0-301F-11D3-BF4B-00C04F79EFBC}") = "MadWorld.AzureFunctions.Anonymous.Domain", "MadWorld.AzureFunctions.Anonymous.Domain\MadWorld.AzureFunctions.Anonymous.Domain.csproj", "{8C615B20-33E6-47FF-814F-623934056CEC}"
EndProject
Project("{FAE04EC0-301F-11D3-BF4B-00C04F79EFBC}") = "MadWorld.AzureFunctions.Anonymous.Application", "MadWorld.AzureFunctions.Anonymous.Application\MadWorld.AzureFunctions.Anonymous.Application.csproj", "{D61EB1C2-8AE1-48AA-ACC3-0B6E8CDADB4A}"
EndProject
Project("{FAE04EC0-301F-11D3-BF4B-00C04F79EFBC}") = "MadWorld.AzureFunctions.Anonymous.Infrastructure", "MadWorld.AzureFunctions.Anonymous.Infrastructure\MadWorld.AzureFunctions.Anonymous.Infrastructure.csproj", "{551B467E-79FF-4478-9F27-FF02D9EB5FB4}"
EndProject
Project("{2150E333-8FDC-42A3-9474-1A3956D46DE8}") = "MadWorld.AzureFunctions.Tools", "MadWorld.AzureFunctions.Tools", "{2D0AD558-3AE5-408C-95D6-3BC21A780034}"
EndProject
Project("{2150E333-8FDC-42A3-9474-1A3956D46DE8}") = "MadWorld.AzureFunctions.Admin", "MadWorld.AzureFunctions.Admin", "{291687CD-5B69-492C-A940-599BC8F5FDC3}"
EndProject
Project("{FAE04EC0-301F-11D3-BF4B-00C04F79EFBC}") = "MadWorld.AzureFunctions.Admin.API", "MadWorld.AzureFunctions.Admin.API\MadWorld.AzureFunctions.Admin.API.csproj", "{E3BFCBE2-473E-42B5-A9DB-4381D74D09AB}"
EndProject
Project("{FAE04EC0-301F-11D3-BF4B-00C04F79EFBC}") = "MadWorld.AzureFunctions.Admin.Domain", "MadWorld.AzureFunctions.Admin.Domain\MadWorld.AzureFunctions.Admin.Domain.csproj", "{AB4A131A-36AE-413A-8375-F7EF2C1D5B3D}"
EndProject
Project("{FAE04EC0-301F-11D3-BF4B-00C04F79EFBC}") = "MadWorld.AzureFunctions.Admin.Application", "MadWorld.AzureFunctions.Admin.Application\MadWorld.AzureFunctions.Admin.Application.csproj", "{2B5B674D-919A-458B-BE82-606EB7400E56}"
EndProject
Project("{FAE04EC0-301F-11D3-BF4B-00C04F79EFBC}") = "MadWorld.AzureFunctions.Admin.Infrastructure", "MadWorld.AzureFunctions.Admin.Infrastructure\MadWorld.AzureFunctions.Admin.Infrastructure.csproj", "{A0E5E153-7C1C-400E-850C-951AF52047C5}"
EndProject
Project("{FAE04EC0-301F-11D3-BF4B-00C04F79EFBC}") = "MadWorld.AzureFunctions.Tools.API", "MadWorld.AzureFunctions.Tools.API\MadWorld.AzureFunctions.Tools.API.csproj", "{F3A48562-55F7-4F94-8B2B-89B3E3F0703E}"
EndProject
Project("{FAE04EC0-301F-11D3-BF4B-00C04F79EFBC}") = "MadWorld.AzureFunctions.Tools.Domain", "MadWorld.AzureFunctions.Tools.Domain\MadWorld.AzureFunctions.Tools.Domain.csproj", "{680D1F7C-A724-471B-BF55-7173A6B1E8D4}"
EndProject
Project("{FAE04EC0-301F-11D3-BF4B-00C04F79EFBC}") = "MadWorld.AzureFunctions.Tools.Application", "MadWorld.AzureFunctions.Tools.Application\MadWorld.AzureFunctions.Tools.Application.csproj", "{904346BE-F62E-4951-BDFD-62EE6F2C1EB0}"
EndProject
Project("{FAE04EC0-301F-11D3-BF4B-00C04F79EFBC}") = "MadWorld.AzureFunctions.Tools.Infrastructure", "MadWorld.AzureFunctions.Tools.Infrastructure\MadWorld.AzureFunctions.Tools.Infrastructure.csproj", "{1E6ABC3C-759B-4591-9600-0975EA84C804}"
EndProject
Project("{FAE04EC0-301F-11D3-BF4B-00C04F79EFBC}") = "MadWorld.Backend.Shared.Application", "MadWorld.Backend.Shared.Application\MadWorld.Backend.Shared.Application.csproj", "{F0654162-DD63-4988-B79D-B065A0149DEF}"
EndProject
Project("{FAE04EC0-301F-11D3-BF4B-00C04F79EFBC}") = "MadWorld.Backend.Shared.Domain", "MadWorld.Backend.Shared.Domain\MadWorld.Backend.Shared.Domain.csproj", "{16F25B05-31AE-48D8-867C-4ED8E77C75D7}"
EndProject
Project("{FAE04EC0-301F-11D3-BF4B-00C04F79EFBC}") = "MadWorld.Backend.Shared.Infrastructure", "MadWorld.Backend.Shared.Infrastructure\MadWorld.Backend.Shared.Infrastructure.csproj", "{DDD7265F-CE8E-4273-BD7A-28ED34837551}"
EndProject
Project("{2150E333-8FDC-42A3-9474-1A3956D46DE8}") = "MadWorld.Tests.Unittests", "MadWorld.Tests.Unittests", "{3F6F3C39-008C-4114-A805-3221BD95EE8F}"
EndProject
Project("{FAE04EC0-301F-11D3-BF4B-00C04F79EFBC}") = "MadWorld.Tests.Unittests.Frontend", "MadWorld.Tests.Unittests.Frontend\MadWorld.Tests.Unittests.Frontend.csproj", "{F5290CA2-E49E-44D1-8CD2-4A1E6C96EE22}"
EndProject
Project("{FAE04EC0-301F-11D3-BF4B-00C04F79EFBC}") = "MadWorld.Tests.Unittests.Backend", "MadWorld.Tests.Unittests.Backend\MadWorld.Tests.Unittests.Backend.csproj", "{92EB3CAC-6E3A-496A-B1DA-8F9357AFD564}"
EndProject
Project("{FAE04EC0-301F-11D3-BF4B-00C04F79EFBC}") = "MadWorld.Tests.Unittests.Shared", "MadWorld.Tests.Unittests.Shared\MadWorld.Tests.Unittests.Shared.csproj", "{568C23A9-08CD-4813-B6F6-673B423620C6}"
EndProject
Project("{FAE04EC0-301F-11D3-BF4B-00C04F79EFBC}") = "MadWorld.Shared.Domain", "MadWorld.Shared.Domain\MadWorld.Shared.Domain.csproj", "{13F8A25F-E18A-4F61-9E19-28862E052346}"
EndProject
Project("{2150E333-8FDC-42A3-9474-1A3956D46DE8}") = "_Deployment", "_Deployment", "{BD841286-928A-47B5-B99D-B07294EE8A53}"
EndProject
Project("{2150E333-8FDC-42A3-9474-1A3956D46DE8}") = "_Documentation", "_Documentation", "{FD68825E-10CF-4D88-BDDC-3867F79FB58B}"
	ProjectSection(SolutionItems) = preProject
		..\README.md = ..\README.md
		..\LICENSE = ..\LICENSE
		..\.gitignore = ..\.gitignore
	EndProjectSection
EndProject
Project("{2150E333-8FDC-42A3-9474-1A3956D46DE8}") = "Workflows", "Workflows", "{613B2E4F-F477-49E4-A5BF-750C9BBB002B}"
	ProjectSection(SolutionItems) = preProject
		..\.github\workflows\dotnet.yml = ..\.github\workflows\dotnet.yml
		..\.github\workflows\sonarcloud.yml = ..\.github\workflows\sonarcloud.yml
		..\.github\workflows\azure-staticwebapp-tools.yml = ..\.github\workflows\azure-staticwebapp-tools.yml
		..\.github\workflows\azure-staticwebapp-admin.yml = ..\.github\workflows\azure-staticwebapp-admin.yml
		..\.github\workflows\arm_deploy.yml = ..\.github\workflows\arm_deploy.yml
	EndProjectSection
EndProject
Project("{2150E333-8FDC-42A3-9474-1A3956D46DE8}") = "InfrastructureAsCode", "InfrastructureAsCode", "{295CCBB7-5A47-45B9-A8A6-A4AE4CDED452}"
	ProjectSection(SolutionItems) = preProject
		MadWorld.Deployment\deploy-madworld.sh = MadWorld.Deployment\deploy-madworld.sh
		MadWorld.Deployment\README.md = MadWorld.Deployment\README.md
		MadWorld.Deployment\main-deploy.json = MadWorld.Deployment\main-deploy.json
		MadWorld.Deployment\blobs-deploy.json = MadWorld.Deployment\blobs-deploy.json
		MadWorld.Deployment\static-website-deploy.json = MadWorld.Deployment\static-website-deploy.json
		MadWorld.Deployment\default-deploy.json = MadWorld.Deployment\default-deploy.json
	EndProjectSection
EndProject
Project("{2150E333-8FDC-42A3-9474-1A3956D46DE8}") = "Scripts", "Scripts", "{9BA031FB-EB44-460D-8A55-4F077C3A27B1}"
	ProjectSection(SolutionItems) = preProject
		..\Easy_Scripts\InstallTools.sh = ..\Easy_Scripts\InstallTools.sh
	EndProjectSection
EndProject
Project("{2150E333-8FDC-42A3-9474-1A3956D46DE8}") = "ExternPackages", "ExternPackages", "{44F467A5-E3E9-40BD-A5AB-EC5B74C3312B}"
EndProject
Project("{FAE04EC0-301F-11D3-BF4B-00C04F79EFBC}") = "MadWorld.Monaco", "MadWorld.Monaco\MadWorld.Monaco.csproj", "{A4746E8C-BF7B-4AE3-9851-AF86F64F4B31}"
EndProject
Project("{FAE04EC0-301F-11D3-BF4B-00C04F79EFBC}") = "MadWorld.Frontend.Shared.Tools.UI", "MadWorld.Frontend.Shared.Tools.UI\MadWorld.Frontend.Shared.Tools.UI.csproj", "{57D56CC5-6FEF-482B-BE7E-6D9AAE096EFE}"
EndProject
Global
	GlobalSection(SolutionConfigurationPlatforms) = preSolution
		Debug|Any CPU = Debug|Any CPU
		Release|Any CPU = Release|Any CPU
	EndGlobalSection
	GlobalSection(NestedProjects) = preSolution
		{1E26D68C-8AF0-45AD-A719-44A7880EBE3E} = {BD786EE7-CCDD-4BA3-AC70-75FC5C85D634}
		{DA3B9DBF-66B2-4E11-AFD6-75C130D797DE} = {BD786EE7-CCDD-4BA3-AC70-75FC5C85D634}
		{42ABC8BF-F109-4A65-9705-8485EDE2D5BA} = {BD786EE7-CCDD-4BA3-AC70-75FC5C85D634}
		{1435A7A0-6445-4D5F-A8A0-FC70B36CFAD2} = {18EF7F35-24D0-430E-B90D-F3FDA22BDB84}
		{A02AF4D2-59A4-4855-ADFC-AA2ACBB48F4C} = {1E26D68C-8AF0-45AD-A719-44A7880EBE3E}
		{BB48076A-5270-4DF4-8D38-FD99F44AFFF7} = {1E26D68C-8AF0-45AD-A719-44A7880EBE3E}
		{352AFFF4-099A-4E97-A53C-454748A813AA} = {1E26D68C-8AF0-45AD-A719-44A7880EBE3E}
		{30CD0491-DB70-4C1B-AF66-337843AC49B4} = {1E26D68C-8AF0-45AD-A719-44A7880EBE3E}
		{328A83CF-ED95-4911-840E-C843089FDD9E} = {DA3B9DBF-66B2-4E11-AFD6-75C130D797DE}
		{6A079B85-6B48-46AA-BA17-C24F029A4FC9} = {DA3B9DBF-66B2-4E11-AFD6-75C130D797DE}
		{F18E315F-4D49-453F-B601-52CFE91C62B6} = {DA3B9DBF-66B2-4E11-AFD6-75C130D797DE}
		{1893360C-AA80-47EC-A1B1-F66B52D7E671} = {DA3B9DBF-66B2-4E11-AFD6-75C130D797DE}
		{352B351E-C9B8-44E5-88E6-63F55F4780C2} = {42ABC8BF-F109-4A65-9705-8485EDE2D5BA}
		{22591488-7F9E-4127-9847-B8D3D318FA1E} = {42ABC8BF-F109-4A65-9705-8485EDE2D5BA}
		{C0CFE5CB-A656-4693-9431-82B14C919152} = {42ABC8BF-F109-4A65-9705-8485EDE2D5BA}
		{270085F3-746D-4606-B204-16BCEBF7E9D3} = {42ABC8BF-F109-4A65-9705-8485EDE2D5BA}
		{CA795A55-DC9E-4975-A038-8E735DDF1F9C} = {BD786EE7-CCDD-4BA3-AC70-75FC5C85D634}
		{E8714057-296C-4ED7-8FF0-543B18D37D12} = {CA795A55-DC9E-4975-A038-8E735DDF1F9C}
		{7833F5E2-B602-4201-B6C1-B8A5EADCE365} = {CA795A55-DC9E-4975-A038-8E735DDF1F9C}
		{8B1A5A74-D361-4E23-A81B-7DEEC905A7D0} = {CA795A55-DC9E-4975-A038-8E735DDF1F9C}
		{11141E8A-94F4-40B7-A8A3-66B9F9954088} = {18EF7F35-24D0-430E-B90D-F3FDA22BDB84}
		{502DB73D-8592-4725-8B47-0084A6301F1E} = {1435A7A0-6445-4D5F-A8A0-FC70B36CFAD2}
		{8C615B20-33E6-47FF-814F-623934056CEC} = {1435A7A0-6445-4D5F-A8A0-FC70B36CFAD2}
		{D61EB1C2-8AE1-48AA-ACC3-0B6E8CDADB4A} = {1435A7A0-6445-4D5F-A8A0-FC70B36CFAD2}
		{551B467E-79FF-4478-9F27-FF02D9EB5FB4} = {1435A7A0-6445-4D5F-A8A0-FC70B36CFAD2}
		{2D0AD558-3AE5-408C-95D6-3BC21A780034} = {18EF7F35-24D0-430E-B90D-F3FDA22BDB84}
		{291687CD-5B69-492C-A940-599BC8F5FDC3} = {18EF7F35-24D0-430E-B90D-F3FDA22BDB84}
		{E3BFCBE2-473E-42B5-A9DB-4381D74D09AB} = {291687CD-5B69-492C-A940-599BC8F5FDC3}
		{AB4A131A-36AE-413A-8375-F7EF2C1D5B3D} = {291687CD-5B69-492C-A940-599BC8F5FDC3}
		{2B5B674D-919A-458B-BE82-606EB7400E56} = {291687CD-5B69-492C-A940-599BC8F5FDC3}
		{A0E5E153-7C1C-400E-850C-951AF52047C5} = {291687CD-5B69-492C-A940-599BC8F5FDC3}
		{F3A48562-55F7-4F94-8B2B-89B3E3F0703E} = {2D0AD558-3AE5-408C-95D6-3BC21A780034}
		{680D1F7C-A724-471B-BF55-7173A6B1E8D4} = {2D0AD558-3AE5-408C-95D6-3BC21A780034}
		{904346BE-F62E-4951-BDFD-62EE6F2C1EB0} = {2D0AD558-3AE5-408C-95D6-3BC21A780034}
		{1E6ABC3C-759B-4591-9600-0975EA84C804} = {2D0AD558-3AE5-408C-95D6-3BC21A780034}
		{F0654162-DD63-4988-B79D-B065A0149DEF} = {11141E8A-94F4-40B7-A8A3-66B9F9954088}
		{16F25B05-31AE-48D8-867C-4ED8E77C75D7} = {11141E8A-94F4-40B7-A8A3-66B9F9954088}
		{DDD7265F-CE8E-4273-BD7A-28ED34837551} = {11141E8A-94F4-40B7-A8A3-66B9F9954088}
		{3F6F3C39-008C-4114-A805-3221BD95EE8F} = {E7011843-34C5-4D45-A6E1-B2B762900B49}
		{F5290CA2-E49E-44D1-8CD2-4A1E6C96EE22} = {3F6F3C39-008C-4114-A805-3221BD95EE8F}
		{92EB3CAC-6E3A-496A-B1DA-8F9357AFD564} = {3F6F3C39-008C-4114-A805-3221BD95EE8F}
		{568C23A9-08CD-4813-B6F6-673B423620C6} = {3F6F3C39-008C-4114-A805-3221BD95EE8F}
		{13F8A25F-E18A-4F61-9E19-28862E052346} = {C62330C8-B130-414F-ADA4-E66E5EA3DF35}
		{613B2E4F-F477-49E4-A5BF-750C9BBB002B} = {BD841286-928A-47B5-B99D-B07294EE8A53}
		{295CCBB7-5A47-45B9-A8A6-A4AE4CDED452} = {BD841286-928A-47B5-B99D-B07294EE8A53}
		{9BA031FB-EB44-460D-8A55-4F077C3A27B1} = {FD68825E-10CF-4D88-BDDC-3867F79FB58B}
		{A4746E8C-BF7B-4AE3-9851-AF86F64F4B31} = {44F467A5-E3E9-40BD-A5AB-EC5B74C3312B}
		{57D56CC5-6FEF-482B-BE7E-6D9AAE096EFE} = {CA795A55-DC9E-4975-A038-8E735DDF1F9C}
	EndGlobalSection
	GlobalSection(ProjectConfigurationPlatforms) = postSolution
		{A02AF4D2-59A4-4855-ADFC-AA2ACBB48F4C}.Debug|Any CPU.ActiveCfg = Debug|Any CPU
		{A02AF4D2-59A4-4855-ADFC-AA2ACBB48F4C}.Debug|Any CPU.Build.0 = Debug|Any CPU
		{A02AF4D2-59A4-4855-ADFC-AA2ACBB48F4C}.Release|Any CPU.ActiveCfg = Release|Any CPU
		{A02AF4D2-59A4-4855-ADFC-AA2ACBB48F4C}.Release|Any CPU.Build.0 = Release|Any CPU
		{BB48076A-5270-4DF4-8D38-FD99F44AFFF7}.Debug|Any CPU.ActiveCfg = Debug|Any CPU
		{BB48076A-5270-4DF4-8D38-FD99F44AFFF7}.Debug|Any CPU.Build.0 = Debug|Any CPU
		{BB48076A-5270-4DF4-8D38-FD99F44AFFF7}.Release|Any CPU.ActiveCfg = Release|Any CPU
		{BB48076A-5270-4DF4-8D38-FD99F44AFFF7}.Release|Any CPU.Build.0 = Release|Any CPU
		{352AFFF4-099A-4E97-A53C-454748A813AA}.Debug|Any CPU.ActiveCfg = Debug|Any CPU
		{352AFFF4-099A-4E97-A53C-454748A813AA}.Debug|Any CPU.Build.0 = Debug|Any CPU
		{352AFFF4-099A-4E97-A53C-454748A813AA}.Release|Any CPU.ActiveCfg = Release|Any CPU
		{352AFFF4-099A-4E97-A53C-454748A813AA}.Release|Any CPU.Build.0 = Release|Any CPU
		{30CD0491-DB70-4C1B-AF66-337843AC49B4}.Debug|Any CPU.ActiveCfg = Debug|Any CPU
		{30CD0491-DB70-4C1B-AF66-337843AC49B4}.Debug|Any CPU.Build.0 = Debug|Any CPU
		{30CD0491-DB70-4C1B-AF66-337843AC49B4}.Release|Any CPU.ActiveCfg = Release|Any CPU
		{30CD0491-DB70-4C1B-AF66-337843AC49B4}.Release|Any CPU.Build.0 = Release|Any CPU
		{328A83CF-ED95-4911-840E-C843089FDD9E}.Debug|Any CPU.ActiveCfg = Debug|Any CPU
		{328A83CF-ED95-4911-840E-C843089FDD9E}.Debug|Any CPU.Build.0 = Debug|Any CPU
		{328A83CF-ED95-4911-840E-C843089FDD9E}.Release|Any CPU.ActiveCfg = Release|Any CPU
		{328A83CF-ED95-4911-840E-C843089FDD9E}.Release|Any CPU.Build.0 = Release|Any CPU
		{6A079B85-6B48-46AA-BA17-C24F029A4FC9}.Debug|Any CPU.ActiveCfg = Debug|Any CPU
		{6A079B85-6B48-46AA-BA17-C24F029A4FC9}.Debug|Any CPU.Build.0 = Debug|Any CPU
		{6A079B85-6B48-46AA-BA17-C24F029A4FC9}.Release|Any CPU.ActiveCfg = Release|Any CPU
		{6A079B85-6B48-46AA-BA17-C24F029A4FC9}.Release|Any CPU.Build.0 = Release|Any CPU
		{F18E315F-4D49-453F-B601-52CFE91C62B6}.Debug|Any CPU.ActiveCfg = Debug|Any CPU
		{F18E315F-4D49-453F-B601-52CFE91C62B6}.Debug|Any CPU.Build.0 = Debug|Any CPU
		{F18E315F-4D49-453F-B601-52CFE91C62B6}.Release|Any CPU.ActiveCfg = Release|Any CPU
		{F18E315F-4D49-453F-B601-52CFE91C62B6}.Release|Any CPU.Build.0 = Release|Any CPU
		{1893360C-AA80-47EC-A1B1-F66B52D7E671}.Debug|Any CPU.ActiveCfg = Debug|Any CPU
		{1893360C-AA80-47EC-A1B1-F66B52D7E671}.Debug|Any CPU.Build.0 = Debug|Any CPU
		{1893360C-AA80-47EC-A1B1-F66B52D7E671}.Release|Any CPU.ActiveCfg = Release|Any CPU
		{1893360C-AA80-47EC-A1B1-F66B52D7E671}.Release|Any CPU.Build.0 = Release|Any CPU
		{352B351E-C9B8-44E5-88E6-63F55F4780C2}.Debug|Any CPU.ActiveCfg = Debug|Any CPU
		{352B351E-C9B8-44E5-88E6-63F55F4780C2}.Debug|Any CPU.Build.0 = Debug|Any CPU
		{352B351E-C9B8-44E5-88E6-63F55F4780C2}.Release|Any CPU.ActiveCfg = Release|Any CPU
		{352B351E-C9B8-44E5-88E6-63F55F4780C2}.Release|Any CPU.Build.0 = Release|Any CPU
		{22591488-7F9E-4127-9847-B8D3D318FA1E}.Debug|Any CPU.ActiveCfg = Debug|Any CPU
		{22591488-7F9E-4127-9847-B8D3D318FA1E}.Debug|Any CPU.Build.0 = Debug|Any CPU
		{22591488-7F9E-4127-9847-B8D3D318FA1E}.Release|Any CPU.ActiveCfg = Release|Any CPU
		{22591488-7F9E-4127-9847-B8D3D318FA1E}.Release|Any CPU.Build.0 = Release|Any CPU
		{C0CFE5CB-A656-4693-9431-82B14C919152}.Debug|Any CPU.ActiveCfg = Debug|Any CPU
		{C0CFE5CB-A656-4693-9431-82B14C919152}.Debug|Any CPU.Build.0 = Debug|Any CPU
		{C0CFE5CB-A656-4693-9431-82B14C919152}.Release|Any CPU.ActiveCfg = Release|Any CPU
		{C0CFE5CB-A656-4693-9431-82B14C919152}.Release|Any CPU.Build.0 = Release|Any CPU
		{270085F3-746D-4606-B204-16BCEBF7E9D3}.Debug|Any CPU.ActiveCfg = Debug|Any CPU
		{270085F3-746D-4606-B204-16BCEBF7E9D3}.Debug|Any CPU.Build.0 = Debug|Any CPU
		{270085F3-746D-4606-B204-16BCEBF7E9D3}.Release|Any CPU.ActiveCfg = Release|Any CPU
		{270085F3-746D-4606-B204-16BCEBF7E9D3}.Release|Any CPU.Build.0 = Release|Any CPU
		{E8714057-296C-4ED7-8FF0-543B18D37D12}.Debug|Any CPU.ActiveCfg = Debug|Any CPU
		{E8714057-296C-4ED7-8FF0-543B18D37D12}.Debug|Any CPU.Build.0 = Debug|Any CPU
		{E8714057-296C-4ED7-8FF0-543B18D37D12}.Release|Any CPU.ActiveCfg = Release|Any CPU
		{E8714057-296C-4ED7-8FF0-543B18D37D12}.Release|Any CPU.Build.0 = Release|Any CPU
		{7833F5E2-B602-4201-B6C1-B8A5EADCE365}.Debug|Any CPU.ActiveCfg = Debug|Any CPU
		{7833F5E2-B602-4201-B6C1-B8A5EADCE365}.Debug|Any CPU.Build.0 = Debug|Any CPU
		{7833F5E2-B602-4201-B6C1-B8A5EADCE365}.Release|Any CPU.ActiveCfg = Release|Any CPU
		{7833F5E2-B602-4201-B6C1-B8A5EADCE365}.Release|Any CPU.Build.0 = Release|Any CPU
		{8B1A5A74-D361-4E23-A81B-7DEEC905A7D0}.Debug|Any CPU.ActiveCfg = Debug|Any CPU
		{8B1A5A74-D361-4E23-A81B-7DEEC905A7D0}.Debug|Any CPU.Build.0 = Debug|Any CPU
		{8B1A5A74-D361-4E23-A81B-7DEEC905A7D0}.Release|Any CPU.ActiveCfg = Release|Any CPU
		{8B1A5A74-D361-4E23-A81B-7DEEC905A7D0}.Release|Any CPU.Build.0 = Release|Any CPU
		{502DB73D-8592-4725-8B47-0084A6301F1E}.Debug|Any CPU.ActiveCfg = Debug|Any CPU
		{502DB73D-8592-4725-8B47-0084A6301F1E}.Debug|Any CPU.Build.0 = Debug|Any CPU
		{502DB73D-8592-4725-8B47-0084A6301F1E}.Release|Any CPU.ActiveCfg = Release|Any CPU
		{502DB73D-8592-4725-8B47-0084A6301F1E}.Release|Any CPU.Build.0 = Release|Any CPU
		{8C615B20-33E6-47FF-814F-623934056CEC}.Debug|Any CPU.ActiveCfg = Debug|Any CPU
		{8C615B20-33E6-47FF-814F-623934056CEC}.Debug|Any CPU.Build.0 = Debug|Any CPU
		{8C615B20-33E6-47FF-814F-623934056CEC}.Release|Any CPU.ActiveCfg = Release|Any CPU
		{8C615B20-33E6-47FF-814F-623934056CEC}.Release|Any CPU.Build.0 = Release|Any CPU
		{D61EB1C2-8AE1-48AA-ACC3-0B6E8CDADB4A}.Debug|Any CPU.ActiveCfg = Debug|Any CPU
		{D61EB1C2-8AE1-48AA-ACC3-0B6E8CDADB4A}.Debug|Any CPU.Build.0 = Debug|Any CPU
		{D61EB1C2-8AE1-48AA-ACC3-0B6E8CDADB4A}.Release|Any CPU.ActiveCfg = Release|Any CPU
		{D61EB1C2-8AE1-48AA-ACC3-0B6E8CDADB4A}.Release|Any CPU.Build.0 = Release|Any CPU
		{551B467E-79FF-4478-9F27-FF02D9EB5FB4}.Debug|Any CPU.ActiveCfg = Debug|Any CPU
		{551B467E-79FF-4478-9F27-FF02D9EB5FB4}.Debug|Any CPU.Build.0 = Debug|Any CPU
		{551B467E-79FF-4478-9F27-FF02D9EB5FB4}.Release|Any CPU.ActiveCfg = Release|Any CPU
		{551B467E-79FF-4478-9F27-FF02D9EB5FB4}.Release|Any CPU.Build.0 = Release|Any CPU
		{E3BFCBE2-473E-42B5-A9DB-4381D74D09AB}.Debug|Any CPU.ActiveCfg = Debug|Any CPU
		{E3BFCBE2-473E-42B5-A9DB-4381D74D09AB}.Debug|Any CPU.Build.0 = Debug|Any CPU
		{E3BFCBE2-473E-42B5-A9DB-4381D74D09AB}.Release|Any CPU.ActiveCfg = Release|Any CPU
		{E3BFCBE2-473E-42B5-A9DB-4381D74D09AB}.Release|Any CPU.Build.0 = Release|Any CPU
		{AB4A131A-36AE-413A-8375-F7EF2C1D5B3D}.Debug|Any CPU.ActiveCfg = Debug|Any CPU
		{AB4A131A-36AE-413A-8375-F7EF2C1D5B3D}.Debug|Any CPU.Build.0 = Debug|Any CPU
		{AB4A131A-36AE-413A-8375-F7EF2C1D5B3D}.Release|Any CPU.ActiveCfg = Release|Any CPU
		{AB4A131A-36AE-413A-8375-F7EF2C1D5B3D}.Release|Any CPU.Build.0 = Release|Any CPU
		{2B5B674D-919A-458B-BE82-606EB7400E56}.Debug|Any CPU.ActiveCfg = Debug|Any CPU
		{2B5B674D-919A-458B-BE82-606EB7400E56}.Debug|Any CPU.Build.0 = Debug|Any CPU
		{2B5B674D-919A-458B-BE82-606EB7400E56}.Release|Any CPU.ActiveCfg = Release|Any CPU
		{2B5B674D-919A-458B-BE82-606EB7400E56}.Release|Any CPU.Build.0 = Release|Any CPU
		{A0E5E153-7C1C-400E-850C-951AF52047C5}.Debug|Any CPU.ActiveCfg = Debug|Any CPU
		{A0E5E153-7C1C-400E-850C-951AF52047C5}.Debug|Any CPU.Build.0 = Debug|Any CPU
		{A0E5E153-7C1C-400E-850C-951AF52047C5}.Release|Any CPU.ActiveCfg = Release|Any CPU
		{A0E5E153-7C1C-400E-850C-951AF52047C5}.Release|Any CPU.Build.0 = Release|Any CPU
		{F3A48562-55F7-4F94-8B2B-89B3E3F0703E}.Debug|Any CPU.ActiveCfg = Debug|Any CPU
		{F3A48562-55F7-4F94-8B2B-89B3E3F0703E}.Debug|Any CPU.Build.0 = Debug|Any CPU
		{F3A48562-55F7-4F94-8B2B-89B3E3F0703E}.Release|Any CPU.ActiveCfg = Release|Any CPU
		{F3A48562-55F7-4F94-8B2B-89B3E3F0703E}.Release|Any CPU.Build.0 = Release|Any CPU
		{680D1F7C-A724-471B-BF55-7173A6B1E8D4}.Debug|Any CPU.ActiveCfg = Debug|Any CPU
		{680D1F7C-A724-471B-BF55-7173A6B1E8D4}.Debug|Any CPU.Build.0 = Debug|Any CPU
		{680D1F7C-A724-471B-BF55-7173A6B1E8D4}.Release|Any CPU.ActiveCfg = Release|Any CPU
		{680D1F7C-A724-471B-BF55-7173A6B1E8D4}.Release|Any CPU.Build.0 = Release|Any CPU
		{904346BE-F62E-4951-BDFD-62EE6F2C1EB0}.Debug|Any CPU.ActiveCfg = Debug|Any CPU
		{904346BE-F62E-4951-BDFD-62EE6F2C1EB0}.Debug|Any CPU.Build.0 = Debug|Any CPU
		{904346BE-F62E-4951-BDFD-62EE6F2C1EB0}.Release|Any CPU.ActiveCfg = Release|Any CPU
		{904346BE-F62E-4951-BDFD-62EE6F2C1EB0}.Release|Any CPU.Build.0 = Release|Any CPU
		{1E6ABC3C-759B-4591-9600-0975EA84C804}.Debug|Any CPU.ActiveCfg = Debug|Any CPU
		{1E6ABC3C-759B-4591-9600-0975EA84C804}.Debug|Any CPU.Build.0 = Debug|Any CPU
		{1E6ABC3C-759B-4591-9600-0975EA84C804}.Release|Any CPU.ActiveCfg = Release|Any CPU
		{1E6ABC3C-759B-4591-9600-0975EA84C804}.Release|Any CPU.Build.0 = Release|Any CPU
		{F0654162-DD63-4988-B79D-B065A0149DEF}.Debug|Any CPU.ActiveCfg = Debug|Any CPU
		{F0654162-DD63-4988-B79D-B065A0149DEF}.Debug|Any CPU.Build.0 = Debug|Any CPU
		{F0654162-DD63-4988-B79D-B065A0149DEF}.Release|Any CPU.ActiveCfg = Release|Any CPU
		{F0654162-DD63-4988-B79D-B065A0149DEF}.Release|Any CPU.Build.0 = Release|Any CPU
		{16F25B05-31AE-48D8-867C-4ED8E77C75D7}.Debug|Any CPU.ActiveCfg = Debug|Any CPU
		{16F25B05-31AE-48D8-867C-4ED8E77C75D7}.Debug|Any CPU.Build.0 = Debug|Any CPU
		{16F25B05-31AE-48D8-867C-4ED8E77C75D7}.Release|Any CPU.ActiveCfg = Release|Any CPU
		{16F25B05-31AE-48D8-867C-4ED8E77C75D7}.Release|Any CPU.Build.0 = Release|Any CPU
		{DDD7265F-CE8E-4273-BD7A-28ED34837551}.Debug|Any CPU.ActiveCfg = Debug|Any CPU
		{DDD7265F-CE8E-4273-BD7A-28ED34837551}.Debug|Any CPU.Build.0 = Debug|Any CPU
		{DDD7265F-CE8E-4273-BD7A-28ED34837551}.Release|Any CPU.ActiveCfg = Release|Any CPU
		{DDD7265F-CE8E-4273-BD7A-28ED34837551}.Release|Any CPU.Build.0 = Release|Any CPU
		{F5290CA2-E49E-44D1-8CD2-4A1E6C96EE22}.Debug|Any CPU.ActiveCfg = Debug|Any CPU
		{F5290CA2-E49E-44D1-8CD2-4A1E6C96EE22}.Debug|Any CPU.Build.0 = Debug|Any CPU
		{F5290CA2-E49E-44D1-8CD2-4A1E6C96EE22}.Release|Any CPU.ActiveCfg = Release|Any CPU
		{F5290CA2-E49E-44D1-8CD2-4A1E6C96EE22}.Release|Any CPU.Build.0 = Release|Any CPU
		{92EB3CAC-6E3A-496A-B1DA-8F9357AFD564}.Debug|Any CPU.ActiveCfg = Debug|Any CPU
		{92EB3CAC-6E3A-496A-B1DA-8F9357AFD564}.Debug|Any CPU.Build.0 = Debug|Any CPU
		{92EB3CAC-6E3A-496A-B1DA-8F9357AFD564}.Release|Any CPU.ActiveCfg = Release|Any CPU
		{92EB3CAC-6E3A-496A-B1DA-8F9357AFD564}.Release|Any CPU.Build.0 = Release|Any CPU
		{568C23A9-08CD-4813-B6F6-673B423620C6}.Debug|Any CPU.ActiveCfg = Debug|Any CPU
		{568C23A9-08CD-4813-B6F6-673B423620C6}.Debug|Any CPU.Build.0 = Debug|Any CPU
		{568C23A9-08CD-4813-B6F6-673B423620C6}.Release|Any CPU.ActiveCfg = Release|Any CPU
		{568C23A9-08CD-4813-B6F6-673B423620C6}.Release|Any CPU.Build.0 = Release|Any CPU
		{13F8A25F-E18A-4F61-9E19-28862E052346}.Debug|Any CPU.ActiveCfg = Debug|Any CPU
		{13F8A25F-E18A-4F61-9E19-28862E052346}.Debug|Any CPU.Build.0 = Debug|Any CPU
		{13F8A25F-E18A-4F61-9E19-28862E052346}.Release|Any CPU.ActiveCfg = Release|Any CPU
		{13F8A25F-E18A-4F61-9E19-28862E052346}.Release|Any CPU.Build.0 = Release|Any CPU
		{A4746E8C-BF7B-4AE3-9851-AF86F64F4B31}.Debug|Any CPU.ActiveCfg = Debug|Any CPU
		{A4746E8C-BF7B-4AE3-9851-AF86F64F4B31}.Debug|Any CPU.Build.0 = Debug|Any CPU
		{A4746E8C-BF7B-4AE3-9851-AF86F64F4B31}.Release|Any CPU.ActiveCfg = Release|Any CPU
		{A4746E8C-BF7B-4AE3-9851-AF86F64F4B31}.Release|Any CPU.Build.0 = Release|Any CPU
		{57D56CC5-6FEF-482B-BE7E-6D9AAE096EFE}.Debug|Any CPU.ActiveCfg = Debug|Any CPU
		{57D56CC5-6FEF-482B-BE7E-6D9AAE096EFE}.Debug|Any CPU.Build.0 = Debug|Any CPU
		{57D56CC5-6FEF-482B-BE7E-6D9AAE096EFE}.Release|Any CPU.ActiveCfg = Release|Any CPU
		{57D56CC5-6FEF-482B-BE7E-6D9AAE096EFE}.Release|Any CPU.Build.0 = Release|Any CPU
	EndGlobalSection
EndGlobal
